# This file is automatically @generated by Cargo.
# It is not intended for manual editing.
version = 3

[[package]]
name = "rax-core"
version = "0.0.1"

[[package]]
name = "rax-dom"
version = "0.0.1"
dependencies = [
 "rax-core",
 "rax-reactive",
]

[[package]]
name = "rax-reactive"
version = "0.0.1"
dependencies = [
 "rax-core",
]

[[package]]
name = "rax-scheduler"
version = "0.0.1"

[[package]]
name = "rax-view"
version = "0.0.1"
dependencies = [
 "rax-core",
 "rax-dom",
 "rax-reactive",
]
